
Microsoft Visual Studio Solution File, Format Version 12.00
# Visual Studio Version 16
VisualStudioVersion = 16.0.30621.155
MinimumVisualStudioVersion = 10.0.40219.1
Project("{9A19103F-16F7-4668-BE54-9A1E7A4F7556}") = "ds.pms.api", "ds.pms.api\ds.pms.api.csproj", "{A695889C-4DEB-4BE9-BFB1-6B8C8B4667BE}"
EndProject
Project("{2150E333-8FDC-42A3-9474-1A3956D46DE8}") = "Helpers", "Helpers", "{C3724E2F-FA11-48F7-8550-94281946B9C5}"
EndProject
Project("{2150E333-8FDC-42A3-9474-1A3956D46DE8}") = "Data Access Layer", "Data Access Layer", "{04152688-E275-4599-89DB-3624135EFA51}"
EndProject
Project("{9A19103F-16F7-4668-BE54-9A1E7A4F7556}") = "ds.pms.dal", "ds.pms.dal\ds.pms.dal.csproj", "{DC8019C7-8688-4C9C-89CF-D4801AE17127}"
EndProject
Project("{2150E333-8FDC-42A3-9474-1A3956D46DE8}") = "Buisness Layer", "Buisness Layer", "{775F28CD-8415-422B-B878-467816F336B7}"
EndProject
Project("{9A19103F-16F7-4668-BE54-9A1E7A4F7556}") = "ds.pms.bl.logger", "ds.pms.bl.logger\ds.pms.bl.logger.csproj", "{3DCCB9EB-65AE-4374-A4D7-499FD81A5207}"
EndProject
Project("{9A19103F-16F7-4668-BE54-9A1E7A4F7556}") = "ds.pms.bl.users", "ds.pms.bl.users\ds.pms.bl.users.csproj", "{D76227F8-2F56-4E7C-A430-EA053853E7FD}"
EndProject
Project("{9A19103F-16F7-4668-BE54-9A1E7A4F7556}") = "ds.pms.bl.clients", "ds.pms.bl.clients\ds.pms.bl.clients.csproj", "{33324A9B-011A-4460-87E2-2EF75DDB2DAE}"
EndProject
Project("{9A19103F-16F7-4668-BE54-9A1E7A4F7556}") = "ds.pms.apicommon", "ds.pms.apicommon\ds.pms.apicommon.csproj", "{66286E53-E7A2-496E-80E2-CCD21D0C650F}"
EndProject
Project("{9A19103F-16F7-4668-BE54-9A1E7A4F7556}") = "ds.pms.helpers", "ds.pms.helpers\ds.pms.helpers.csproj", "{5711594B-4497-4A86-8F76-3D949C2E91DD}"
EndProject
Project("{9A19103F-16F7-4668-BE54-9A1E7A4F7556}") = "ds.pms.bl.roles", "ds.pms.bl.roles\ds.pms.bl.roles.csproj", "{2C1D1435-EDCC-4086-83EB-1791062C85D6}"
EndProject
Project("{9A19103F-16F7-4668-BE54-9A1E7A4F7556}") = "ds.pms.bl.providers", "ds.pms.bl.providers\ds.pms.bl.providers.csproj", "{12C34D1D-2299-4E3B-B632-A32B39C624C3}"
EndProject
Project("{9A19103F-16F7-4668-BE54-9A1E7A4F7556}") = "ds.pms.bl.properties", "ds.pms.bl.properties\ds.pms.bl.properties.csproj", "{8D79106D-984E-4A70-83AD-4942343F41EF}"
EndProject
Project("{9A19103F-16F7-4668-BE54-9A1E7A4F7556}") = "ds.pms.bl.notes", "ds.pms.bl.notes\ds.pms.bl.notes.csproj", "{F69E5F54-8C0F-4FD0-84B2-FCDD8AC2239D}"
EndProject
Project("{9A19103F-16F7-4668-BE54-9A1E7A4F7556}") = "ds.pms.bl.notescategory", "ds.pms.bl.notescategory\ds.pms.bl.notescategory.csproj", "{48ABE5C1-43F8-40AC-828D-BC6F67DD688B}"
EndProject
Project("{9A19103F-16F7-4668-BE54-9A1E7A4F7556}") = "ds.pms.bl.tenants", "ds.pms.bl.tenants\ds.pms.bl.tenants.csproj", "{7075927C-F482-4B5A-B620-AE011071073B}"
EndProject
Project("{9A19103F-16F7-4668-BE54-9A1E7A4F7556}") = "ds.pms.bl.rooms", "ds.pms.bl.rooms\ds.pms.bl.rooms.csproj", "{CED42451-661D-4A03-BA18-AD2E1596B46E}"
EndProject
Project("{9A19103F-16F7-4668-BE54-9A1E7A4F7556}") = "ds.pms.bl.compliances", "ds.pms.bl.compliances\ds.pms.bl.compliances.csproj", "{A5CB6B19-ED14-40B1-BD09-0CF619FBBD28}"
EndProject
Project("{9A19103F-16F7-4668-BE54-9A1E7A4F7556}") = "ds.pms.bl.compliancepropertydocs", "ds.pms.bl.compliancepropertydocs\ds.pms.bl.compliancepropertydocs.csproj", "{B3B86C79-3E7B-46C9-A495-CF6632B62CF8}"
EndProject
Project("{9A19103F-16F7-4668-BE54-9A1E7A4F7556}") = "ds.pms.bl.documents", "ds.pms.bl.documents\ds.pms.bl.documents.csproj", "{BF8AB5CD-CEB8-4E27-A6C4-080550D03993}"
EndProject
Project("{9A19103F-16F7-4668-BE54-9A1E7A4F7556}") = "ds.pms.bl.configs", "ds.pms.bl.configs\ds.pms.bl.configs.csproj", "{9CCBADE1-CB86-44DB-B4AB-82D75C726559}"
EndProject
Project("{9A19103F-16F7-4668-BE54-9A1E7A4F7556}") = "ds.pms.bl.options", "ds.pms.bl.options\ds.pms.bl.options.csproj", "{270E5E33-CA97-4BF8-82EC-A299078A1A3C}"
EndProject
Project("{9A19103F-16F7-4668-BE54-9A1E7A4F7556}") = "ds.pms.bl.optionheaders", "ds.pms.bl.optionheaders\ds.pms.bl.optionheaders.csproj", "{B648D0F2-3900-47F2-9DC4-4F28B1116AAA}"
EndProject
Project("{9A19103F-16F7-4668-BE54-9A1E7A4F7556}") = "ds.pms.bl.reports", "ds.pms.bl.reports\ds.pms.bl.reports.csproj", "{C184E24C-6B08-4838-A245-DAD5E5940EBC}"
EndProject
Project("{FAE04EC0-301F-11D3-BF4B-00C04F79EFBC}") = "ds.pms.bl.roomhistory", "ds.pms.bl.roomhistory\ds.pms.bl.roomhistory.csproj", "{85349719-3D82-4429-8DD7-1EE9AF7DD288}"
EndProject
Project("{FAE04EC0-301F-11D3-BF4B-00C04F79EFBC}") = "ds.pms.bl.dashboard", "ds.pms.bl.dashboard\ds.pms.bl.dashboard.csproj", "{BCCF4B16-1621-4669-9467-E21A1D27BF57}"
EndProject
Global
	GlobalSection(SolutionConfigurationPlatforms) = preSolution
		Debug|Any CPU = Debug|Any CPU
		Release|Any CPU = Release|Any CPU
	EndGlobalSection
	GlobalSection(ProjectConfigurationPlatforms) = postSolution
		{A695889C-4DEB-4BE9-BFB1-6B8C8B4667BE}.Debug|Any CPU.ActiveCfg = Debug|Any CPU
		{A695889C-4DEB-4BE9-BFB1-6B8C8B4667BE}.Debug|Any CPU.Build.0 = Debug|Any CPU
		{A695889C-4DEB-4BE9-BFB1-6B8C8B4667BE}.Release|Any CPU.ActiveCfg = Release|Any CPU
		{A695889C-4DEB-4BE9-BFB1-6B8C8B4667BE}.Release|Any CPU.Build.0 = Release|Any CPU
		{DC8019C7-8688-4C9C-89CF-D4801AE17127}.Debug|Any CPU.ActiveCfg = Debug|Any CPU
		{DC8019C7-8688-4C9C-89CF-D4801AE17127}.Debug|Any CPU.Build.0 = Debug|Any CPU
		{DC8019C7-8688-4C9C-89CF-D4801AE17127}.Release|Any CPU.ActiveCfg = Release|Any CPU
		{DC8019C7-8688-4C9C-89CF-D4801AE17127}.Release|Any CPU.Build.0 = Release|Any CPU
		{3DCCB9EB-65AE-4374-A4D7-499FD81A5207}.Debug|Any CPU.ActiveCfg = Debug|Any CPU
		{3DCCB9EB-65AE-4374-A4D7-499FD81A5207}.Debug|Any CPU.Build.0 = Debug|Any CPU
		{3DCCB9EB-65AE-4374-A4D7-499FD81A5207}.Release|Any CPU.ActiveCfg = Release|Any CPU
		{3DCCB9EB-65AE-4374-A4D7-499FD81A5207}.Release|Any CPU.Build.0 = Release|Any CPU
		{D76227F8-2F56-4E7C-A430-EA053853E7FD}.Debug|Any CPU.ActiveCfg = Debug|Any CPU
		{D76227F8-2F56-4E7C-A430-EA053853E7FD}.Debug|Any CPU.Build.0 = Debug|Any CPU
		{D76227F8-2F56-4E7C-A430-EA053853E7FD}.Release|Any CPU.ActiveCfg = Release|Any CPU
		{D76227F8-2F56-4E7C-A430-EA053853E7FD}.Release|Any CPU.Build.0 = Release|Any CPU
		{33324A9B-011A-4460-87E2-2EF75DDB2DAE}.Debug|Any CPU.ActiveCfg = Debug|Any CPU
		{33324A9B-011A-4460-87E2-2EF75DDB2DAE}.Debug|Any CPU.Build.0 = Debug|Any CPU
		{33324A9B-011A-4460-87E2-2EF75DDB2DAE}.Release|Any CPU.ActiveCfg = Release|Any CPU
		{33324A9B-011A-4460-87E2-2EF75DDB2DAE}.Release|Any CPU.Build.0 = Release|Any CPU
		{66286E53-E7A2-496E-80E2-CCD21D0C650F}.Debug|Any CPU.ActiveCfg = Debug|Any CPU
		{66286E53-E7A2-496E-80E2-CCD21D0C650F}.Debug|Any CPU.Build.0 = Debug|Any CPU
		{66286E53-E7A2-496E-80E2-CCD21D0C650F}.Release|Any CPU.ActiveCfg = Release|Any CPU
		{66286E53-E7A2-496E-80E2-CCD21D0C650F}.Release|Any CPU.Build.0 = Release|Any CPU
		{5711594B-4497-4A86-8F76-3D949C2E91DD}.Debug|Any CPU.ActiveCfg = Debug|Any CPU
		{5711594B-4497-4A86-8F76-3D949C2E91DD}.Debug|Any CPU.Build.0 = Debug|Any CPU
		{5711594B-4497-4A86-8F76-3D949C2E91DD}.Release|Any CPU.ActiveCfg = Release|Any CPU
		{5711594B-4497-4A86-8F76-3D949C2E91DD}.Release|Any CPU.Build.0 = Release|Any CPU
		{2C1D1435-EDCC-4086-83EB-1791062C85D6}.Debug|Any CPU.ActiveCfg = Debug|Any CPU
		{2C1D1435-EDCC-4086-83EB-1791062C85D6}.Debug|Any CPU.Build.0 = Debug|Any CPU
		{2C1D1435-EDCC-4086-83EB-1791062C85D6}.Release|Any CPU.ActiveCfg = Release|Any CPU
		{2C1D1435-EDCC-4086-83EB-1791062C85D6}.Release|Any CPU.Build.0 = Release|Any CPU
		{12C34D1D-2299-4E3B-B632-A32B39C624C3}.Debug|Any CPU.ActiveCfg = Debug|Any CPU
		{12C34D1D-2299-4E3B-B632-A32B39C624C3}.Debug|Any CPU.Build.0 = Debug|Any CPU
		{12C34D1D-2299-4E3B-B632-A32B39C624C3}.Release|Any CPU.ActiveCfg = Release|Any CPU
		{12C34D1D-2299-4E3B-B632-A32B39C624C3}.Release|Any CPU.Build.0 = Release|Any CPU
		{8D79106D-984E-4A70-83AD-4942343F41EF}.Debug|Any CPU.ActiveCfg = Debug|Any CPU
		{8D79106D-984E-4A70-83AD-4942343F41EF}.Debug|Any CPU.Build.0 = Debug|Any CPU
		{8D79106D-984E-4A70-83AD-4942343F41EF}.Release|Any CPU.ActiveCfg = Release|Any CPU
		{8D79106D-984E-4A70-83AD-4942343F41EF}.Release|Any CPU.Build.0 = Release|Any CPU
		{F69E5F54-8C0F-4FD0-84B2-FCDD8AC2239D}.Debug|Any CPU.ActiveCfg = Debug|Any CPU
		{F69E5F54-8C0F-4FD0-84B2-FCDD8AC2239D}.Debug|Any CPU.Build.0 = Debug|Any CPU
		{F69E5F54-8C0F-4FD0-84B2-FCDD8AC2239D}.Release|Any CPU.ActiveCfg = Release|Any CPU
		{F69E5F54-8C0F-4FD0-84B2-FCDD8AC2239D}.Release|Any CPU.Build.0 = Release|Any CPU
		{48ABE5C1-43F8-40AC-828D-BC6F67DD688B}.Debug|Any CPU.ActiveCfg = Debug|Any CPU
		{48ABE5C1-43F8-40AC-828D-BC6F67DD688B}.Debug|Any CPU.Build.0 = Debug|Any CPU
		{48ABE5C1-43F8-40AC-828D-BC6F67DD688B}.Release|Any CPU.ActiveCfg = Release|Any CPU
		{48ABE5C1-43F8-40AC-828D-BC6F67DD688B}.Release|Any CPU.Build.0 = Release|Any CPU
		{7075927C-F482-4B5A-B620-AE011071073B}.Debug|Any CPU.ActiveCfg = Debug|Any CPU
		{7075927C-F482-4B5A-B620-AE011071073B}.Debug|Any CPU.Build.0 = Debug|Any CPU
		{7075927C-F482-4B5A-B620-AE011071073B}.Release|Any CPU.ActiveCfg = Release|Any CPU
		{7075927C-F482-4B5A-B620-AE011071073B}.Release|Any CPU.Build.0 = Release|Any CPU
		{CED42451-661D-4A03-BA18-AD2E1596B46E}.Debug|Any CPU.ActiveCfg = Debug|Any CPU
		{CED42451-661D-4A03-BA18-AD2E1596B46E}.Debug|Any CPU.Build.0 = Debug|Any CPU
		{CED42451-661D-4A03-BA18-AD2E1596B46E}.Release|Any CPU.ActiveCfg = Release|Any CPU
		{CED42451-661D-4A03-BA18-AD2E1596B46E}.Release|Any CPU.Build.0 = Release|Any CPU
		{A5CB6B19-ED14-40B1-BD09-0CF619FBBD28}.Debug|Any CPU.ActiveCfg = Debug|Any CPU
		{A5CB6B19-ED14-40B1-BD09-0CF619FBBD28}.Debug|Any CPU.Build.0 = Debug|Any CPU
		{A5CB6B19-ED14-40B1-BD09-0CF619FBBD28}.Release|Any CPU.ActiveCfg = Release|Any CPU
		{A5CB6B19-ED14-40B1-BD09-0CF619FBBD28}.Release|Any CPU.Build.0 = Release|Any CPU
		{B3B86C79-3E7B-46C9-A495-CF6632B62CF8}.Debug|Any CPU.ActiveCfg = Debug|Any CPU
		{B3B86C79-3E7B-46C9-A495-CF6632B62CF8}.Debug|Any CPU.Build.0 = Debug|Any CPU
		{B3B86C79-3E7B-46C9-A495-CF6632B62CF8}.Release|Any CPU.ActiveCfg = Release|Any CPU
		{B3B86C79-3E7B-46C9-A495-CF6632B62CF8}.Release|Any CPU.Build.0 = Release|Any CPU
		{BF8AB5CD-CEB8-4E27-A6C4-080550D03993}.Debug|Any CPU.ActiveCfg = Debug|Any CPU
		{BF8AB5CD-CEB8-4E27-A6C4-080550D03993}.Debug|Any CPU.Build.0 = Debug|Any CPU
		{BF8AB5CD-CEB8-4E27-A6C4-080550D03993}.Release|Any CPU.ActiveCfg = Release|Any CPU
		{BF8AB5CD-CEB8-4E27-A6C4-080550D03993}.Release|Any CPU.Build.0 = Release|Any CPU
		{9CCBADE1-CB86-44DB-B4AB-82D75C726559}.Debug|Any CPU.ActiveCfg = Debug|Any CPU
		{9CCBADE1-CB86-44DB-B4AB-82D75C726559}.Debug|Any CPU.Build.0 = Debug|Any CPU
		{9CCBADE1-CB86-44DB-B4AB-82D75C726559}.Release|Any CPU.ActiveCfg = Release|Any CPU
		{9CCBADE1-CB86-44DB-B4AB-82D75C726559}.Release|Any CPU.Build.0 = Release|Any CPU
		{270E5E33-CA97-4BF8-82EC-A299078A1A3C}.Debug|Any CPU.ActiveCfg = Debug|Any CPU
		{270E5E33-CA97-4BF8-82EC-A299078A1A3C}.Debug|Any CPU.Build.0 = Debug|Any CPU
		{270E5E33-CA97-4BF8-82EC-A299078A1A3C}.Release|Any CPU.ActiveCfg = Release|Any CPU
		{270E5E33-CA97-4BF8-82EC-A299078A1A3C}.Release|Any CPU.Build.0 = Release|Any CPU
		{B648D0F2-3900-47F2-9DC4-4F28B1116AAA}.Debug|Any CPU.ActiveCfg = Debug|Any CPU
		{B648D0F2-3900-47F2-9DC4-4F28B1116AAA}.Debug|Any CPU.Build.0 = Debug|Any CPU
		{B648D0F2-3900-47F2-9DC4-4F28B1116AAA}.Release|Any CPU.ActiveCfg = Release|Any CPU
		{B648D0F2-3900-47F2-9DC4-4F28B1116AAA}.Release|Any CPU.Build.0 = Release|Any CPU
		{C184E24C-6B08-4838-A245-DAD5E5940EBC}.Debug|Any CPU.ActiveCfg = Debug|Any CPU
		{C184E24C-6B08-4838-A245-DAD5E5940EBC}.Debug|Any CPU.Build.0 = Debug|Any CPU
		{C184E24C-6B08-4838-A245-DAD5E5940EBC}.Release|Any CPU.ActiveCfg = Release|Any CPU
		{C184E24C-6B08-4838-A245-DAD5E5940EBC}.Release|Any CPU.Build.0 = Release|Any CPU
		{85349719-3D82-4429-8DD7-1EE9AF7DD288}.Debug|Any CPU.ActiveCfg = Debug|Any CPU
		{85349719-3D82-4429-8DD7-1EE9AF7DD288}.Debug|Any CPU.Build.0 = Debug|Any CPU
		{85349719-3D82-4429-8DD7-1EE9AF7DD288}.Release|Any CPU.ActiveCfg = Release|Any CPU
		{85349719-3D82-4429-8DD7-1EE9AF7DD288}.Release|Any CPU.Build.0 = Release|Any CPU
		{BCCF4B16-1621-4669-9467-E21A1D27BF57}.Debug|Any CPU.ActiveCfg = Debug|Any CPU
		{BCCF4B16-1621-4669-9467-E21A1D27BF57}.Debug|Any CPU.Build.0 = Debug|Any CPU
		{BCCF4B16-1621-4669-9467-E21A1D27BF57}.Release|Any CPU.ActiveCfg = Release|Any CPU
		{BCCF4B16-1621-4669-9467-E21A1D27BF57}.Release|Any CPU.Build.0 = Release|Any CPU
	EndGlobalSection
	GlobalSection(SolutionProperties) = preSolution
		HideSolutionNode = FALSE
	EndGlobalSection
	GlobalSection(NestedProjects) = preSolution
		{DC8019C7-8688-4C9C-89CF-D4801AE17127} = {04152688-E275-4599-89DB-3624135EFA51}
		{3DCCB9EB-65AE-4374-A4D7-499FD81A5207} = {775F28CD-8415-422B-B878-467816F336B7}
		{D76227F8-2F56-4E7C-A430-EA053853E7FD} = {775F28CD-8415-422B-B878-467816F336B7}
		{33324A9B-011A-4460-87E2-2EF75DDB2DAE} = {775F28CD-8415-422B-B878-467816F336B7}
		{66286E53-E7A2-496E-80E2-CCD21D0C650F} = {C3724E2F-FA11-48F7-8550-94281946B9C5}
		{5711594B-4497-4A86-8F76-3D949C2E91DD} = {C3724E2F-FA11-48F7-8550-94281946B9C5}
		{2C1D1435-EDCC-4086-83EB-1791062C85D6} = {775F28CD-8415-422B-B878-467816F336B7}
		{12C34D1D-2299-4E3B-B632-A32B39C624C3} = {775F28CD-8415-422B-B878-467816F336B7}
		{8D79106D-984E-4A70-83AD-4942343F41EF} = {775F28CD-8415-422B-B878-467816F336B7}
		{F69E5F54-8C0F-4FD0-84B2-FCDD8AC2239D} = {775F28CD-8415-422B-B878-467816F336B7}
		{48ABE5C1-43F8-40AC-828D-BC6F67DD688B} = {775F28CD-8415-422B-B878-467816F336B7}
		{7075927C-F482-4B5A-B620-AE011071073B} = {775F28CD-8415-422B-B878-467816F336B7}
		{CED42451-661D-4A03-BA18-AD2E1596B46E} = {775F28CD-8415-422B-B878-467816F336B7}
		{A5CB6B19-ED14-40B1-BD09-0CF619FBBD28} = {775F28CD-8415-422B-B878-467816F336B7}
		{B3B86C79-3E7B-46C9-A495-CF6632B62CF8} = {775F28CD-8415-422B-B878-467816F336B7}
		{BF8AB5CD-CEB8-4E27-A6C4-080550D03993} = {775F28CD-8415-422B-B878-467816F336B7}
		{9CCBADE1-CB86-44DB-B4AB-82D75C726559} = {775F28CD-8415-422B-B878-467816F336B7}
		{270E5E33-CA97-4BF8-82EC-A299078A1A3C} = {775F28CD-8415-422B-B878-467816F336B7}
		{B648D0F2-3900-47F2-9DC4-4F28B1116AAA} = {775F28CD-8415-422B-B878-467816F336B7}
		{C184E24C-6B08-4838-A245-DAD5E5940EBC} = {775F28CD-8415-422B-B878-467816F336B7}
		{85349719-3D82-4429-8DD7-1EE9AF7DD288} = {775F28CD-8415-422B-B878-467816F336B7}
		{BCCF4B16-1621-4669-9467-E21A1D27BF57} = {775F28CD-8415-422B-B878-467816F336B7}
	EndGlobalSection
	GlobalSection(ExtensibilityGlobals) = postSolution
		SolutionGuid = {CBCC5D21-F053-4505-877B-D738BB14B5AA}
	EndGlobalSection
EndGlobal
